PODS:
  - Flutter (1.0.0)
  - path_provider (0.0.1):
    - Flutter
  - SQLCipher (4.4.3):
    - SQLCipher/standard (= 4.4.3)
  - SQLCipher/common (4.4.3)
  - SQLCipher/standard (4.4.3):
    - SQLCipher/common
  - sqlcipher_flutter_libs (0.0.1):
    - Flutter
    - SQLCipher (~> 4.4.3)

DEPENDENCIES:
  - Flutter (from `Flutter`)
  - path_provider (from `.symlinks/plugins/path_provider/ios`)
  - sqlcipher_flutter_libs (from `.symlinks/plugins/sqlcipher_flutter_libs/ios`)

SPEC REPOS:
  trunk:
    - SQLCipher

EXTERNAL SOURCES:
  Flutter:
    :path: Flutter
  path_provider:
    :path: ".symlinks/plugins/path_provider/ios"
  sqlcipher_flutter_libs:
    :path: ".symlinks/plugins/sqlcipher_flutter_libs/ios"

SPEC CHECKSUMS:
  Flutter: 434fef37c0980e73bb6479ef766c45957d4b510c
  path_provider: abfe2b5c733d04e238b0d8691db0cfd63a27a93c
  SQLCipher: 155ffeafc9ac102e5c9b68e3e9a1297a98a27096
  sqlcipher_flutter_libs: eae301083f1a44f7afea4c4593dd546ca6f16651

PODFILE CHECKSUM: aafe91acc616949ddb318b77800a7f51bffa2a4c

COCOAPODS: 1.10.1
